// !$*UTF8*$!
{
	archiveVersion = 1;
	classes = {
	};
	objectVersion = 50;
	objects = {

/* Begin PBXBuildFile section */
		1030DD1602D18FC7ACB0C955 /* libPods-WKKeepVideoPlayer.a in Frameworks */ = {isa = PBXBuildFile; fileRef = 249C47216E8CB5C8E352AE77 /* libPods-WKKeepVideoPlayer.a */; };
		8103361326CF4E5A00692B97 /* AppDelegate.m in Sources */ = {isa = PBXBuildFile; fileRef = 8103361226CF4E5A00692B97 /* AppDelegate.m */; };
		8103361626CF4E5A00692B97 /* SceneDelegate.m in Sources */ = {isa = PBXBuildFile; fileRef = 8103361526CF4E5A00692B97 /* SceneDelegate.m */; };
		8103361C26CF4E5A00692B97 /* Main.storyboard in Resources */ = {isa = PBXBuildFile; fileRef = 8103361A26CF4E5A00692B97 /* Main.storyboard */; };
		8103361E26CF4E5B00692B97 /* Assets.xcassets in Resources */ = {isa = PBXBuildFile; fileRef = 8103361D26CF4E5B00692B97 /* Assets.xcassets */; };
		8103362126CF4E5B00692B97 /* LaunchScreen.storyboard in Resources */ = {isa = PBXBuildFile; fileRef = 8103361F26CF4E5B00692B97 /* LaunchScreen.storyboard */; };
		8103362426CF4E5B00692B97 /* main.m in Sources */ = {isa = PBXBuildFile; fileRef = 8103362326CF4E5B00692B97 /* main.m */; };
		8103362E26CF4E5B00692B97 /* WKKeepVideoPlayerTests.m in Sources */ = {isa = PBXBuildFile; fileRef = 8103362D26CF4E5B00692B97 /* WKKeepVideoPlayerTests.m */; };
		8103363926CF4E5B00692B97 /* WKKeepVideoPlayerUITests.m in Sources */ = {isa = PBXBuildFile; fileRef = 8103363826CF4E5B00692B97 /* WKKeepVideoPlayerUITests.m */; };
		8103365026CF4E6B00692B97 /* ViewController.m in Sources */ = {isa = PBXBuildFile; fileRef = 8103364D26CF4E6B00692B97 /* ViewController.m */; };
		8103365126CF4E6B00692B97 /* WKKeepVideoPlayerVC.m in Sources */ = {isa = PBXBuildFile; fileRef = 8103364F26CF4E6B00692B97 /* WKKeepVideoPlayerVC.m */; };
		8103365726CF4FE300692B97 /* WKVieoPlayerContainerView.m in Sources */ = {isa = PBXBuildFile; fileRef = 8103365626CF4FE300692B97 /* WKVieoPlayerContainerView.m */; };
		8103365D26CF50F200692B97 /* NetworkSpeedMonitor.m in Sources */ = {isa = PBXBuildFile; fileRef = 8103365C26CF50F200692B97 /* NetworkSpeedMonitor.m */; };
		8103366326CF522B00692B97 /* WKVideoBottomStripView.m in Sources */ = {isa = PBXBuildFile; fileRef = 8103366226CF522B00692B97 /* WKVideoBottomStripView.m */; };
		810336AC26CF57F800692B97 /* WKCustomSlider.m in Sources */ = {isa = PBXBuildFile; fileRef = 810336AB26CF57F800692B97 /* WKCustomSlider.m */; };
		810336C226CF797100692B97 /* WKVideoModel.m in Sources */ = {isa = PBXBuildFile; fileRef = 810336C126CF797100692B97 /* WKVideoModel.m */; };
		810336CE26CF7FAD00692B97 /* UIFont+Pingfang.m in Sources */ = {isa = PBXBuildFile; fileRef = 810336CD26CF7FAD00692B97 /* UIFont+Pingfang.m */; };
		810336E126CF819C00692B97 /* videosArray.json in Resources */ = {isa = PBXBuildFile; fileRef = 810336E026CF819C00692B97 /* videosArray.json */; };
		8103370326CFA38100692B97 /* 2.mp4 in Resources */ = {isa = PBXBuildFile; fileRef = 8103370226CFA38100692B97 /* 2.mp4 */; };
		816BBB7D26D37DB000A0DF1E /* 1.mp4 in Resources */ = {isa = PBXBuildFile; fileRef = 816BBB7C26D37DB000A0DF1E /* 1.mp4 */; };
		816BBB8226D37DE400A0DF1E /* 0.mp4 in Resources */ = {isa = PBXBuildFile; fileRef = 816BBB8126D37DE400A0DF1E /* 0.mp4 */; };
/* End PBXBuildFile section */

/* Begin PBXContainerItemProxy section */
		8103362A26CF4E5B00692B97 /* PBXContainerItemProxy */ = {
			isa = PBXContainerItemProxy;
			containerPortal = 8103360626CF4E5A00692B97 /* Project object */;
			proxyType = 1;
			remoteGlobalIDString = 8103360D26CF4E5A00692B97;
			remoteInfo = WKKeepVideoPlayer;
		};
		8103363526CF4E5B00692B97 /* PBXContainerItemProxy */ = {
			isa = PBXContainerItemProxy;
			containerPortal = 8103360626CF4E5A00692B97 /* Project object */;
			proxyType = 1;
			remoteGlobalIDString = 8103360D26CF4E5A00692B97;
			remoteInfo = WKKeepVideoPlayer;
		};
/* End PBXContainerItemProxy section */

/* Begin PBXFileReference section */
		249C47216E8CB5C8E352AE77 /* libPods-WKKeepVideoPlayer.a */ = {isa = PBXFileReference; explicitFileType = archive.ar; includeInIndex = 0; path = "libPods-WKKeepVideoPlayer.a"; sourceTree = BUILT_PRODUCTS_DIR; };
		79A3843AB73CBB294640833C /* Pods-WKKeepVideoPlayer.release.xcconfig */ = {isa = PBXFileReference; includeInIndex = 1; lastKnownFileType = text.xcconfig; name = "Pods-WKKeepVideoPlayer.release.xcconfig"; path = "Target Support Files/Pods-WKKeepVideoPlayer/Pods-WKKeepVideoPlayer.release.xcconfig"; sourceTree = "<group>"; };
		8103360E26CF4E5A00692B97 /* WKKeepVideoPlayer.app */ = {isa = PBXFileReference; explicitFileType = wrapper.application; includeInIndex = 0; path = WKKeepVideoPlayer.app; sourceTree = BUILT_PRODUCTS_DIR; };
		8103361126CF4E5A00692B97 /* AppDelegate.h */ = {isa = PBXFileReference; lastKnownFileType = sourcecode.c.h; path = AppDelegate.h; sourceTree = "<group>"; };
		8103361226CF4E5A00692B97 /* AppDelegate.m */ = {isa = PBXFileReference; lastKnownFileType = sourcecode.c.objc; path = AppDelegate.m; sourceTree = "<group>"; };
		8103361426CF4E5A00692B97 /* SceneDelegate.h */ = {isa = PBXFileReference; lastKnownFileType = sourcecode.c.h; path = SceneDelegate.h; sourceTree = "<group>"; };
		8103361526CF4E5A00692B97 /* SceneDelegate.m */ = {isa = PBXFileReference; lastKnownFileType = sourcecode.c.objc; path = SceneDelegate.m; sourceTree = "<group>"; };
		8103361B26CF4E5A00692B97 /* Base */ = {isa = PBXFileReference; lastKnownFileType = file.storyboard; name = Base; path = Base.lproj/Main.storyboard; sourceTree = "<group>"; };
		8103361D26CF4E5B00692B97 /* Assets.xcassets */ = {isa = PBXFileReference; lastKnownFileType = folder.assetcatalog; path = Assets.xcassets; sourceTree = "<group>"; };
		8103362026CF4E5B00692B97 /* Base */ = {isa = PBXFileReference; lastKnownFileType = file.storyboard; name = Base; path = Base.lproj/LaunchScreen.storyboard; sourceTree = "<group>"; };
		8103362226CF4E5B00692B97 /* Info.plist */ = {isa = PBXFileReference; lastKnownFileType = text.plist.xml; path = Info.plist; sourceTree = "<group>"; };
		8103362326CF4E5B00692B97 /* main.m */ = {isa = PBXFileReference; lastKnownFileType = sourcecode.c.objc; path = main.m; sourceTree = "<group>"; };
		8103362926CF4E5B00692B97 /* WKKeepVideoPlayerTests.xctest */ = {isa = PBXFileReference; explicitFileType = wrapper.cfbundle; includeInIndex = 0; path = WKKeepVideoPlayerTests.xctest; sourceTree = BUILT_PRODUCTS_DIR; };
		8103362D26CF4E5B00692B97 /* WKKeepVideoPlayerTests.m */ = {isa = PBXFileReference; lastKnownFileType = sourcecode.c.objc; path = WKKeepVideoPlayerTests.m; sourceTree = "<group>"; };
		8103362F26CF4E5B00692B97 /* Info.plist */ = {isa = PBXFileReference; lastKnownFileType = text.plist.xml; path = Info.plist; sourceTree = "<group>"; };
		8103363426CF4E5B00692B97 /* WKKeepVideoPlayerUITests.xctest */ = {isa = PBXFileReference; explicitFileType = wrapper.cfbundle; includeInIndex = 0; path = WKKeepVideoPlayerUITests.xctest; sourceTree = BUILT_PRODUCTS_DIR; };
		8103363826CF4E5B00692B97 /* WKKeepVideoPlayerUITests.m */ = {isa = PBXFileReference; lastKnownFileType = sourcecode.c.objc; path = WKKeepVideoPlayerUITests.m; sourceTree = "<group>"; };
		8103363A26CF4E5B00692B97 /* Info.plist */ = {isa = PBXFileReference; lastKnownFileType = text.plist.xml; path = Info.plist; sourceTree = "<group>"; };
		8103364C26CF4E6B00692B97 /* WKKeepVideoPlayerVC.h */ = {isa = PBXFileReference; fileEncoding = 4; lastKnownFileType = sourcecode.c.h; path = WKKeepVideoPlayerVC.h; sourceTree = "<group>"; };
		8103364D26CF4E6B00692B97 /* ViewController.m */ = {isa = PBXFileReference; fileEncoding = 4; lastKnownFileType = sourcecode.c.objc; path = ViewController.m; sourceTree = "<group>"; };
		8103364E26CF4E6B00692B97 /* ViewController.h */ = {isa = PBXFileReference; fileEncoding = 4; lastKnownFileType = sourcecode.c.h; path = ViewController.h; sourceTree = "<group>"; };
		8103364F26CF4E6B00692B97 /* WKKeepVideoPlayerVC.m */ = {isa = PBXFileReference; fileEncoding = 4; lastKnownFileType = sourcecode.c.objc; path = WKKeepVideoPlayerVC.m; sourceTree = "<group>"; };
		8103365526CF4FE300692B97 /* WKVieoPlayerContainerView.h */ = {isa = PBXFileReference; lastKnownFileType = sourcecode.c.h; path = WKVieoPlayerContainerView.h; sourceTree = "<group>"; };
		8103365626CF4FE300692B97 /* WKVieoPlayerContainerView.m */ = {isa = PBXFileReference; lastKnownFileType = sourcecode.c.objc; path = WKVieoPlayerContainerView.m; sourceTree = "<group>"; };
		8103365B26CF50F200692B97 /* NetworkSpeedMonitor.h */ = {isa = PBXFileReference; fileEncoding = 4; lastKnownFileType = sourcecode.c.h; path = NetworkSpeedMonitor.h; sourceTree = "<group>"; };
		8103365C26CF50F200692B97 /* NetworkSpeedMonitor.m */ = {isa = PBXFileReference; fileEncoding = 4; lastKnownFileType = sourcecode.c.objc; path = NetworkSpeedMonitor.m; sourceTree = "<group>"; };
		8103366126CF522B00692B97 /* WKVideoBottomStripView.h */ = {isa = PBXFileReference; lastKnownFileType = sourcecode.c.h; path = WKVideoBottomStripView.h; sourceTree = "<group>"; };
		8103366226CF522B00692B97 /* WKVideoBottomStripView.m */ = {isa = PBXFileReference; lastKnownFileType = sourcecode.c.objc; path = WKVideoBottomStripView.m; sourceTree = "<group>"; };
		810336AA26CF57F800692B97 /* WKCustomSlider.h */ = {isa = PBXFileReference; lastKnownFileType = sourcecode.c.h; path = WKCustomSlider.h; sourceTree = "<group>"; };
		810336AB26CF57F800692B97 /* WKCustomSlider.m */ = {isa = PBXFileReference; lastKnownFileType = sourcecode.c.objc; path = WKCustomSlider.m; sourceTree = "<group>"; };
		810336C026CF797100692B97 /* WKVideoModel.h */ = {isa = PBXFileReference; lastKnownFileType = sourcecode.c.h; path = WKVideoModel.h; sourceTree = "<group>"; };
		810336C126CF797100692B97 /* WKVideoModel.m */ = {isa = PBXFileReference; lastKnownFileType = sourcecode.c.objc; path = WKVideoModel.m; sourceTree = "<group>"; };
		810336CC26CF7FAD00692B97 /* UIFont+Pingfang.h */ = {isa = PBXFileReference; lastKnownFileType = sourcecode.c.h; path = "UIFont+Pingfang.h"; sourceTree = "<group>"; };
		810336CD26CF7FAD00692B97 /* UIFont+Pingfang.m */ = {isa = PBXFileReference; lastKnownFileType = sourcecode.c.objc; path = "UIFont+Pingfang.m"; sourceTree = "<group>"; };
		810336E026CF819C00692B97 /* videosArray.json */ = {isa = PBXFileReference; fileEncoding = 4; lastKnownFileType = text.json; path = videosArray.json; sourceTree = "<group>"; };
		8103370226CFA38100692B97 /* 2.mp4 */ = {isa = PBXFileReference; lastKnownFileType = file; path = 2.mp4; sourceTree = "<group>"; };
		816BBB7C26D37DB000A0DF1E /* 1.mp4 */ = {isa = PBXFileReference; lastKnownFileType = file; path = 1.mp4; sourceTree = "<group>"; };
		816BBB8126D37DE400A0DF1E /* 0.mp4 */ = {isa = PBXFileReference; lastKnownFileType = file; path = 0.mp4; sourceTree = "<group>"; };
		D0629C7D2DF60F6681E3FBAE /* Pods-WKKeepVideoPlayer.debug.xcconfig */ = {isa = PBXFileReference; includeInIndex = 1; lastKnownFileType = text.xcconfig; name = "Pods-WKKeepVideoPlayer.debug.xcconfig"; path = "Target Support Files/Pods-WKKeepVideoPlayer/Pods-WKKeepVideoPlayer.debug.xcconfig"; sourceTree = "<group>"; };
/* End PBXFileReference section */

/* Begin PBXFrameworksBuildPhase section */
		8103360B26CF4E5A00692B97 /* Frameworks */ = {
			isa = PBXFrameworksBuildPhase;
			buildActionMask = 2147483647;
			files = (
				1030DD1602D18FC7ACB0C955 /* libPods-WKKeepVideoPlayer.a in Frameworks */,
			);
			runOnlyForDeploymentPostprocessing = 0;
		};
		8103362626CF4E5B00692B97 /* Frameworks */ = {
			isa = PBXFrameworksBuildPhase;
			buildActionMask = 2147483647;
			files = (
			);
			runOnlyForDeploymentPostprocessing = 0;
		};
		8103363126CF4E5B00692B97 /* Frameworks */ = {
			isa = PBXFrameworksBuildPhase;
			buildActionMask = 2147483647;
			files = (
			);
			runOnlyForDeploymentPostprocessing = 0;
		};
/* End PBXFrameworksBuildPhase section */

/* Begin PBXGroup section */
		0BFB24E51BADE9EBDC21E342 /* Frameworks */ = {
			isa = PBXGroup;
			children = (
				249C47216E8CB5C8E352AE77 /* libPods-WKKeepVideoPlayer.a */,
			);
			name = Frameworks;
			sourceTree = "<group>";
		};
		8103360526CF4E5A00692B97 = {
			isa = PBXGroup;
			children = (
				8103361026CF4E5A00692B97 /* WKKeepVideoPlayer */,
				8103362C26CF4E5B00692B97 /* WKKeepVideoPlayerTests */,
				8103363726CF4E5B00692B97 /* WKKeepVideoPlayerUITests */,
				8103360F26CF4E5A00692B97 /* Products */,
				D5A0006E7C0065DB9D6B7738 /* Pods */,
				0BFB24E51BADE9EBDC21E342 /* Frameworks */,
			);
			sourceTree = "<group>";
		};
		8103360F26CF4E5A00692B97 /* Products */ = {
			isa = PBXGroup;
			children = (
				8103360E26CF4E5A00692B97 /* WKKeepVideoPlayer.app */,
				8103362926CF4E5B00692B97 /* WKKeepVideoPlayerTests.xctest */,
				8103363426CF4E5B00692B97 /* WKKeepVideoPlayerUITests.xctest */,
			);
			name = Products;
			sourceTree = "<group>";
		};
		8103361026CF4E5A00692B97 /* WKKeepVideoPlayer */ = {
			isa = PBXGroup;
			children = (
				8103369B26CF536600692B97 /* VideoKeepPlayer */,
				8103361A26CF4E5A00692B97 /* Main.storyboard */,
				8103361D26CF4E5B00692B97 /* Assets.xcassets */,
				8103361F26CF4E5B00692B97 /* LaunchScreen.storyboard */,
				8103362226CF4E5B00692B97 /* Info.plist */,
				8103362326CF4E5B00692B97 /* main.m */,
			);
			path = WKKeepVideoPlayer;
			sourceTree = "<group>";
		};
		8103362C26CF4E5B00692B97 /* WKKeepVideoPlayerTests */ = {
			isa = PBXGroup;
			children = (
				8103362D26CF4E5B00692B97 /* WKKeepVideoPlayerTests.m */,
				8103362F26CF4E5B00692B97 /* Info.plist */,
			);
			path = WKKeepVideoPlayerTests;
			sourceTree = "<group>";
		};
		8103363726CF4E5B00692B97 /* WKKeepVideoPlayerUITests */ = {
			isa = PBXGroup;
			children = (
				8103363826CF4E5B00692B97 /* WKKeepVideoPlayerUITests.m */,
				8103363A26CF4E5B00692B97 /* Info.plist */,
			);
			path = WKKeepVideoPlayerUITests;
			sourceTree = "<group>";
		};
		8103366D26CF535E00692B97 /* Tool */ = {
			isa = PBXGroup;
			children = (
				8103365B26CF50F200692B97 /* NetworkSpeedMonitor.h */,
				8103365C26CF50F200692B97 /* NetworkSpeedMonitor.m */,
				810336CC26CF7FAD00692B97 /* UIFont+Pingfang.h */,
				810336CD26CF7FAD00692B97 /* UIFont+Pingfang.m */,
			);
			path = Tool;
			sourceTree = "<group>";
		};
		8103369B26CF536600692B97 /* VideoKeepPlayer */ = {
			isa = PBXGroup;
			children = (
				8103361126CF4E5A00692B97 /* AppDelegate.h */,
				8103361226CF4E5A00692B97 /* AppDelegate.m */,
				8103361526CF4E5A00692B97 /* SceneDelegate.m */,
				8103364E26CF4E6B00692B97 /* ViewController.h */,
				8103364D26CF4E6B00692B97 /* ViewController.m */,
				816BBB8C26D3838A00A0DF1E /* Source */,
				8103366D26CF535E00692B97 /* Tool */,
				810336BF26CF792200692B97 /* Models */,
				810336BE26CF791C00692B97 /* Views */,
				810336BD26CF790E00692B97 /* Controllers */,
			);
			path = VideoKeepPlayer;
			sourceTree = "<group>";
		};
		810336BD26CF790E00692B97 /* Controllers */ = {
			isa = PBXGroup;
			children = (
				8103364C26CF4E6B00692B97 /* WKKeepVideoPlayerVC.h */,
				8103364F26CF4E6B00692B97 /* WKKeepVideoPlayerVC.m */,
			);
			path = Controllers;
			sourceTree = "<group>";
		};
		810336BE26CF791C00692B97 /* Views */ = {
			isa = PBXGroup;
			children = (
				8103365526CF4FE300692B97 /* WKVieoPlayerContainerView.h */,
				8103365626CF4FE300692B97 /* WKVieoPlayerContainerView.m */,
				8103366126CF522B00692B97 /* WKVideoBottomStripView.h */,
				8103366226CF522B00692B97 /* WKVideoBottomStripView.m */,
				810336AA26CF57F800692B97 /* WKCustomSlider.h */,
				810336AB26CF57F800692B97 /* WKCustomSlider.m */,
				8103361426CF4E5A00692B97 /* SceneDelegate.h */,
			);
			path = Views;
			sourceTree = "<group>";
		};
		810336BF26CF792200692B97 /* Models */ = {
			isa = PBXGroup;
			children = (
				810336C026CF797100692B97 /* WKVideoModel.h */,
				810336C126CF797100692B97 /* WKVideoModel.m */,
			);
			path = Models;
			sourceTree = "<group>";
		};
		816BBB8C26D3838A00A0DF1E /* Source */ = {
			isa = PBXGroup;
			children = (
				810336E026CF819C00692B97 /* videosArray.json */,
				816BBB8126D37DE400A0DF1E /* 0.mp4 */,
				816BBB7C26D37DB000A0DF1E /* 1.mp4 */,
				8103370226CFA38100692B97 /* 2.mp4 */,
			);
			path = Source;
			sourceTree = "<group>";
		};
		D5A0006E7C0065DB9D6B7738 /* Pods */ = {
			isa = PBXGroup;
			children = (
				D0629C7D2DF60F6681E3FBAE /* Pods-WKKeepVideoPlayer.debug.xcconfig */,
				79A3843AB73CBB294640833C /* Pods-WKKeepVideoPlayer.release.xcconfig */,
			);
			path = Pods;
			sourceTree = "<group>";
		};
/* End PBXGroup section */

/* Begin PBXNativeTarget section */
		8103360D26CF4E5A00692B97 /* WKKeepVideoPlayer */ = {
			isa = PBXNativeTarget;
			buildConfigurationList = 8103363D26CF4E5B00692B97 /* Build configuration list for PBXNativeTarget "WKKeepVideoPlayer" */;
			buildPhases = (
				3CEF18E1F725468CA92A63E2 /* [CP] Check Pods Manifest.lock */,
				8103360A26CF4E5A00692B97 /* Sources */,
				8103360B26CF4E5A00692B97 /* Frameworks */,
				8103360C26CF4E5A00692B97 /* Resources */,
			);
			buildRules = (
			);
			dependencies = (
			);
			name = WKKeepVideoPlayer;
			productName = WKKeepVideoPlayer;
			productReference = 8103360E26CF4E5A00692B97 /* WKKeepVideoPlayer.app */;
			productType = "com.apple.product-type.application";
		};
		8103362826CF4E5B00692B97 /* WKKeepVideoPlayerTests */ = {
			isa = PBXNativeTarget;
			buildConfigurationList = 8103364026CF4E5B00692B97 /* Build configuration list for PBXNativeTarget "WKKeepVideoPlayerTests" */;
			buildPhases = (
				8103362526CF4E5B00692B97 /* Sources */,
				8103362626CF4E5B00692B97 /* Frameworks */,
				8103362726CF4E5B00692B97 /* Resources */,
			);
			buildRules = (
			);
			dependencies = (
				8103362B26CF4E5B00692B97 /* PBXTargetDependency */,
			);
			name = WKKeepVideoPlayerTests;
			productName = WKKeepVideoPlayerTests;
			productReference = 8103362926CF4E5B00692B97 /* WKKeepVideoPlayerTests.xctest */;
			productType = "com.apple.product-type.bundle.unit-test";
		};
		8103363326CF4E5B00692B97 /* WKKeepVideoPlayerUITests */ = {
			isa = PBXNativeTarget;
			buildConfigurationList = 8103364326CF4E5B00692B97 /* Build configuration list for PBXNativeTarget "WKKeepVideoPlayerUITests" */;
			buildPhases = (
				8103363026CF4E5B00692B97 /* Sources */,
				8103363126CF4E5B00692B97 /* Frameworks */,
				8103363226CF4E5B00692B97 /* Resources */,
			);
			buildRules = (
			);
			dependencies = (
				8103363626CF4E5B00692B97 /* PBXTargetDependency */,
			);
			name = WKKeepVideoPlayerUITests;
			productName = WKKeepVideoPlayerUITests;
			productReference = 8103363426CF4E5B00692B97 /* WKKeepVideoPlayerUITests.xctest */;
			productType = "com.apple.product-type.bundle.ui-testing";
		};
/* End PBXNativeTarget section */

/* Begin PBXProject section */
		8103360626CF4E5A00692B97 /* Project object */ = {
			isa = PBXProject;
			attributes = {
				LastUpgradeCheck = 1230;
				TargetAttributes = {
					8103360D26CF4E5A00692B97 = {
						CreatedOnToolsVersion = 12.3;
					};
					8103362826CF4E5B00692B97 = {
						CreatedOnToolsVersion = 12.3;
						TestTargetID = 8103360D26CF4E5A00692B97;
					};
					8103363326CF4E5B00692B97 = {
						CreatedOnToolsVersion = 12.3;
						TestTargetID = 8103360D26CF4E5A00692B97;
					};
				};
			};
			buildConfigurationList = 8103360926CF4E5A00692B97 /* Build configuration list for PBXProject "WKKeepVideoPlayer" */;
			compatibilityVersion = "Xcode 9.3";
			developmentRegion = en;
			hasScannedForEncodings = 0;
			knownRegions = (
				en,
				Base,
			);
			mainGroup = 8103360526CF4E5A00692B97;
			productRefGroup = 8103360F26CF4E5A00692B97 /* Products */;
			projectDirPath = "";
			projectRoot = "";
			targets = (
				8103360D26CF4E5A00692B97 /* WKKeepVideoPlayer */,
				8103362826CF4E5B00692B97 /* WKKeepVideoPlayerTests */,
				8103363326CF4E5B00692B97 /* WKKeepVideoPlayerUITests */,
			);
		};
/* End PBXProject section */

/* Begin PBXResourcesBuildPhase section */
		8103360C26CF4E5A00692B97 /* Resources */ = {
			isa = PBXResourcesBuildPhase;
			buildActionMask = 2147483647;
			files = (
				8103362126CF4E5B00692B97 /* LaunchScreen.storyboard in Resources */,
				8103361E26CF4E5B00692B97 /* Assets.xcassets in Resources */,
				810336E126CF819C00692B97 /* videosArray.json in Resources */,
				8103370326CFA38100692B97 /* 2.mp4 in Resources */,
				816BBB8226D37DE400A0DF1E /* 0.mp4 in Resources */,
				8103361C26CF4E5A00692B97 /* Main.storyboard in Resources */,
				816BBB7D26D37DB000A0DF1E /* 1.mp4 in Resources */,
			);
			runOnlyForDeploymentPostprocessing = 0;
		};
		8103362726CF4E5B00692B97 /* Resources */ = {
			isa = PBXResourcesBuildPhase;
			buildActionMask = 2147483647;
			files = (
			);
			runOnlyForDeploymentPostprocessing = 0;
		};
		8103363226CF4E5B00692B97 /* Resources */ = {
			isa = PBXResourcesBuildPhase;
			buildActionMask = 2147483647;
			files = (
			);
			runOnlyForDeploymentPostprocessing = 0;
		};
/* End PBXResourcesBuildPhase section */

/* Begin PBXShellScriptBuildPhase section */
		3CEF18E1F725468CA92A63E2 /* [CP] Check Pods Manifest.lock */ = {
			isa = PBXShellScriptBuildPhase;
			buildActionMask = 2147483647;
			files = (
			);
			inputFileListPaths = (
			);
			inputPaths = (
				"${PODS_PODFILE_DIR_PATH}/Podfile.lock",
				"${PODS_ROOT}/Manifest.lock",
			);
			name = "[CP] Check Pods Manifest.lock";
			outputFileListPaths = (
			);
			outputPaths = (
				"$(DERIVED_FILE_DIR)/Pods-WKKeepVideoPlayer-checkManifestLockResult.txt",
			);
			runOnlyForDeploymentPostprocessing = 0;
			shellPath = /bin/sh;
			shellScript = "diff \"${PODS_PODFILE_DIR_PATH}/Podfile.lock\" \"${PODS_ROOT}/Manifest.lock\" > /dev/null\nif [ $? != 0 ] ; then\n    # print error to STDERR\n    echo \"error: The sandbox is not in sync with the Podfile.lock. Run 'pod install' or update your CocoaPods installation.\" >&2\n    exit 1\nfi\n# This output is used by Xcode 'outputs' to avoid re-running this script phase.\necho \"SUCCESS\" > \"${SCRIPT_OUTPUT_FILE_0}\"\n";
			showEnvVarsInLog = 0;
		};
/* End PBXShellScriptBuildPhase section */

/* Begin PBXSourcesBuildPhase section */
		8103360A26CF4E5A00692B97 /* Sources */ = {
			isa = PBXSourcesBuildPhase;
			buildActionMask = 2147483647;
			files = (
				8103365726CF4FE300692B97 /* WKVieoPlayerContainerView.m in Sources */,
				8103361326CF4E5A00692B97 /* AppDelegate.m in Sources */,
				8103362426CF4E5B00692B97 /* main.m in Sources */,
				810336C226CF797100692B97 /* WKVideoModel.m in Sources */,
				8103365D26CF50F200692B97 /* NetworkSpeedMonitor.m in Sources */,
				8103365026CF4E6B00692B97 /* ViewController.m in Sources */,
				8103365126CF4E6B00692B97 /* WKKeepVideoPlayerVC.m in Sources */,
				810336AC26CF57F800692B97 /* WKCustomSlider.m in Sources */,
				810336CE26CF7FAD00692B97 /* UIFont+Pingfang.m in Sources */,
				8103366326CF522B00692B97 /* WKVideoBottomStripView.m in Sources */,
				8103361626CF4E5A00692B97 /* SceneDelegate.m in Sources */,
			);
			runOnlyForDeploymentPostprocessing = 0;
		};
		8103362526CF4E5B00692B97 /* Sources */ = {
			isa = PBXSourcesBuildPhase;
			buildActionMask = 2147483647;
			files = (
				8103362E26CF4E5B00692B97 /* WKKeepVideoPlayerTests.m in Sources */,
			);
			runOnlyForDeploymentPostprocessing = 0;
		};
		8103363026CF4E5B00692B97 /* Sources */ = {
			isa = PBXSourcesBuildPhase;
			buildActionMask = 2147483647;
			files = (
				8103363926CF4E5B00692B97 /* WKKeepVideoPlayerUITests.m in Sources */,
			);
			runOnlyForDeploymentPostprocessing = 0;
		};
/* End PBXSourcesBuildPhase section */

/* Begin PBXTargetDependency section */
		8103362B26CF4E5B00692B97 /* PBXTargetDependency */ = {
			isa = PBXTargetDependency;
			target = 8103360D26CF4E5A00692B97 /* WKKeepVideoPlayer */;
			targetProxy = 8103362A26CF4E5B00692B97 /* PBXContainerItemProxy */;
		};
		8103363626CF4E5B00692B97 /* PBXTargetDependency */ = {
			isa = PBXTargetDependency;
			target = 8103360D26CF4E5A00692B97 /* WKKeepVideoPlayer */;
			targetProxy = 8103363526CF4E5B00692B97 /* PBXContainerItemProxy */;
		};
/* End PBXTargetDependency section */

/* Begin PBXVariantGroup section */
		8103361A26CF4E5A00692B97 /* Main.storyboard */ = {
			isa = PBXVariantGroup;
			children = (
				8103361B26CF4E5A00692B97 /* Base */,
			);
			name = Main.storyboard;
			sourceTree = "<group>";
		};
		8103361F26CF4E5B00692B97 /* LaunchScreen.storyboard */ = {
			isa = PBXVariantGroup;
			children = (
				8103362026CF4E5B00692B97 /* Base */,
			);
			name = LaunchScreen.storyboard;
			sourceTree = "<group>";
		};
/* End PBXVariantGroup section */

/* Begin XCBuildConfiguration section */
		8103363B26CF4E5B00692B97 /* Debug */ = {
			isa = XCBuildConfiguration;
			buildSettings = {
				ALWAYS_SEARCH_USER_PATHS = NO;
				CLANG_ANALYZER_NONNULL = YES;
				CLANG_ANALYZER_NUMBER_OBJECT_CONVERSION = YES_AGGRESSIVE;
				CLANG_CXX_LANGUAGE_STANDARD = "gnu++14";
				CLANG_CXX_LIBRARY = "libc++";
				CLANG_ENABLE_MODULES = YES;
				CLANG_ENABLE_OBJC_ARC = YES;
				CLANG_ENABLE_OBJC_WEAK = YES;
				CLANG_WARN_BLOCK_CAPTURE_AUTORELEASING = YES;
				CLANG_WARN_BOOL_CONVERSION = YES;
				CLANG_WARN_COMMA = YES;
				CLANG_WARN_CONSTANT_CONVERSION = YES;
				CLANG_WARN_DEPRECATED_OBJC_IMPLEMENTATIONS = YES;
				CLANG_WARN_DIRECT_OBJC_ISA_USAGE = YES_ERROR;
				CLANG_WARN_DOCUMENTATION_COMMENTS = YES;
				CLANG_WARN_EMPTY_BODY = YES;
				CLANG_WARN_ENUM_CONVERSION = YES;
				CLANG_WARN_INFINITE_RECURSION = YES;
				CLANG_WARN_INT_CONVERSION = YES;
				CLANG_WARN_NON_LITERAL_NULL_CONVERSION = YES;
				CLANG_WARN_OBJC_IMPLICIT_RETAIN_SELF = YES;
				CLANG_WARN_OBJC_LITERAL_CONVERSION = YES;
				CLANG_WARN_OBJC_ROOT_CLASS = YES_ERROR;
				CLANG_WARN_QUOTED_INCLUDE_IN_FRAMEWORK_HEADER = YES;
				CLANG_WARN_RANGE_LOOP_ANALYSIS = YES;
				CLANG_WARN_STRICT_PROTOTYPES = YES;
				CLANG_WARN_SUSPICIOUS_MOVE = YES;
				CLANG_WARN_UNGUARDED_AVAILABILITY = YES_AGGRESSIVE;
				CLANG_WARN_UNREACHABLE_CODE = YES;
				CLANG_WARN__DUPLICATE_METHOD_MATCH = YES;
				COPY_PHASE_STRIP = NO;
				DEBUG_INFORMATION_FORMAT = dwarf;
				ENABLE_STRICT_OBJC_MSGSEND = YES;
				ENABLE_TESTABILITY = YES;
				GCC_C_LANGUAGE_STANDARD = gnu11;
				GCC_DYNAMIC_NO_PIC = NO;
				GCC_NO_COMMON_BLOCKS = YES;
				GCC_OPTIMIZATION_LEVEL = 0;
				GCC_PREPROCESSOR_DEFINITIONS = (
					"DEBUG=1",
					"$(inherited)",
				);
				GCC_WARN_64_TO_32_BIT_CONVERSION = YES;
				GCC_WARN_ABOUT_RETURN_TYPE = YES_ERROR;
				GCC_WARN_UNDECLARED_SELECTOR = YES;
				GCC_WARN_UNINITIALIZED_AUTOS = YES_AGGRESSIVE;
				GCC_WARN_UNUSED_FUNCTION = YES;
				GCC_WARN_UNUSED_VARIABLE = YES;
				IPHONEOS_DEPLOYMENT_TARGET = 14.3;
				MTL_ENABLE_DEBUG_INFO = INCLUDE_SOURCE;
				MTL_FAST_MATH = YES;
				ONLY_ACTIVE_ARCH = YES;
				SDKROOT = iphoneos;
			};
			name = Debug;
		};
		8103363C26CF4E5B00692B97 /* Release */ = {
			isa = XCBuildConfiguration;
			buildSettings = {
				ALWAYS_SEARCH_USER_PATHS = NO;
				CLANG_ANALYZER_NONNULL = YES;
				CLANG_ANALYZER_NUMBER_OBJECT_CONVERSION = YES_AGGRESSIVE;
				CLANG_CXX_LANGUAGE_STANDARD = "gnu++14";
				CLANG_CXX_LIBRARY = "libc++";
				CLANG_ENABLE_MODULES = YES;
				CLANG_ENABLE_OBJC_ARC = YES;
				CLANG_ENABLE_OBJC_WEAK = YES;
				CLANG_WARN_BLOCK_CAPTURE_AUTORELEASING = YES;
				CLANG_WARN_BOOL_CONVERSION = YES;
				CLANG_WARN_COMMA = YES;
				CLANG_WARN_CONSTANT_CONVERSION = YES;
				CLANG_WARN_DEPRECATED_OBJC_IMPLEMENTATIONS = YES;
				CLANG_WARN_DIRECT_OBJC_ISA_USAGE = YES_ERROR;
				CLANG_WARN_DOCUMENTATION_COMMENTS = YES;
				CLANG_WARN_EMPTY_BODY = YES;
				CLANG_WARN_ENUM_CONVERSION = YES;
				CLANG_WARN_INFINITE_RECURSION = YES;
				CLANG_WARN_INT_CONVERSION = YES;
				CLANG_WARN_NON_LITERAL_NULL_CONVERSION = YES;
				CLANG_WARN_OBJC_IMPLICIT_RETAIN_SELF = YES;
				CLANG_WARN_OBJC_LITERAL_CONVERSION = YES;
				CLANG_WARN_OBJC_ROOT_CLASS = YES_ERROR;
				CLANG_WARN_QUOTED_INCLUDE_IN_FRAMEWORK_HEADER = YES;
				CLANG_WARN_RANGE_LOOP_ANALYSIS = YES;
				CLANG_WARN_STRICT_PROTOTYPES = YES;
				CLANG_WARN_SUSPICIOUS_MOVE = YES;
				CLANG_WARN_UNGUARDED_AVAILABILITY = YES_AGGRESSIVE;
				CLANG_WARN_UNREACHABLE_CODE = YES;
				CLANG_WARN__DUPLICATE_METHOD_MATCH = YES;
				COPY_PHASE_STRIP = NO;
				DEBUG_INFORMATION_FORMAT = "dwarf-with-dsym";
				ENABLE_NS_ASSERTIONS = NO;
				ENABLE_STRICT_OBJC_MSGSEND = YES;
				GCC_C_LANGUAGE_STANDARD = gnu11;
				GCC_NO_COMMON_BLOCKS = YES;
				GCC_WARN_64_TO_32_BIT_CONVERSION = YES;
				GCC_WARN_ABOUT_RETURN_TYPE = YES_ERROR;
				GCC_WARN_UNDECLARED_SELECTOR = YES;
				GCC_WARN_UNINITIALIZED_AUTOS = YES_AGGRESSIVE;
				GCC_WARN_UNUSED_FUNCTION = YES;
				GCC_WARN_UNUSED_VARIABLE = YES;
				IPHONEOS_DEPLOYMENT_TARGET = 14.3;
				MTL_ENABLE_DEBUG_INFO = NO;
				MTL_FAST_MATH = YES;
				SDKROOT = iphoneos;
				VALIDATE_PRODUCT = YES;
			};
			name = Release;
		};
		8103363E26CF4E5B00692B97 /* Debug */ = {
			isa = XCBuildConfiguration;
			baseConfigurationReference = D0629C7D2DF60F6681E3FBAE /* Pods-WKKeepVideoPlayer.debug.xcconfig */;
			buildSettings = {
				ASSETCATALOG_COMPILER_APPICON_NAME = AppIcon;
				ASSETCATALOG_COMPILER_GLOBAL_ACCENT_COLOR_NAME = AccentColor;
				CODE_SIGN_IDENTITY = "Apple Development";
				CODE_SIGN_STYLE = Automatic;
				DEVELOPMENT_TEAM = 6W2956GQ2D;
				INFOPLIST_FILE = WKKeepVideoPlayer/Info.plist;
				LD_RUNPATH_SEARCH_PATHS = (
					"$(inherited)",
					"@executable_path/Frameworks",
				);
				PRODUCT_BUNDLE_IDENTIFIER = test.WKKeepVideoPlayerDemo;
				PRODUCT_NAME = "$(TARGET_NAME)";
				PROVISIONING_PROFILE_SPECIFIER = "";
				TARGETED_DEVICE_FAMILY = "1,2";
			};
			name = Debug;
		};
		8103363F26CF4E5B00692B97 /* Release */ = {
			isa = XCBuildConfiguration;
			baseConfigurationReference = 79A3843AB73CBB294640833C /* Pods-WKKeepVideoPlayer.release.xcconfig */;
			buildSettings = {
				ASSETCATALOG_COMPILER_APPICON_NAME = AppIcon;
				ASSETCATALOG_COMPILER_GLOBAL_ACCENT_COLOR_NAME = AccentColor;
				CODE_SIGN_IDENTITY = "Apple Development";
				CODE_SIGN_STYLE = Automatic;
				DEVELOPMENT_TEAM = 6W2956GQ2D;
				INFOPLIST_FILE = WKKeepVideoPlayer/Info.plist;
				LD_RUNPATH_SEARCH_PATHS = (
					"$(inherited)",
					"@executable_path/Frameworks",
				);
				PRODUCT_BUNDLE_IDENTIFIER = test.WKKeepVideoPlayerDemo;
				PRODUCT_NAME = "$(TARGET_NAME)";
				PROVISIONING_PROFILE_SPECIFIER = "";
				TARGETED_DEVICE_FAMILY = "1,2";
			};
			name = Release;
		};
		8103364126CF4E5B00692B97 /* Debug */ = {
			isa = XCBuildConfiguration;
			buildSettings = {
				BUNDLE_LOADER = "$(TEST_HOST)";
				CODE_SIGN_STYLE = Automatic;
				DEVELOPMENT_TEAM = 92K45NKY47;
				INFOPLIST_FILE = WKKeepVideoPlayerTests/Info.plist;
				IPHONEOS_DEPLOYMENT_TARGET = 14.3;
				LD_RUNPATH_SEARCH_PATHS = (
					"$(inherited)",
					"@executable_path/Frameworks",
					"@loader_path/Frameworks",
				);
				PRODUCT_BUNDLE_IDENTIFIER = test.WKKeepVideoPlayerTests;
				PRODUCT_NAME = "$(TARGET_NAME)";
				TARGETED_DEVICE_FAMILY = "1,2";
				TEST_HOST = "$(BUILT_PRODUCTS_DIR)/WKKeepVideoPlayer.app/WKKeepVideoPlayer";
			};
			name = Debug;
		};
		8103364226CF4E5B00692B97 /* Release */ = {
			isa = XCBuildConfiguration;
			buildSettings = {
				BUNDLE_LOADER = "$(TEST_HOST)";
				CODE_SIGN_STYLE = Automatic;
				DEVELOPMENT_TEAM = 92K45NKY47;
				INFOPLIST_FILE = WKKeepVideoPlayerTests/Info.plist;
				IPHONEOS_DEPLOYMENT_TARGET = 14.3;
				LD_RUNPATH_SEARCH_PATHS = (
					"$(inherited)",
					"@executable_path/Frameworks",
					"@loader_path/Frameworks",
				);
				PRODUCT_BUNDLE_IDENTIFIER = test.WKKeepVideoPlayerTests;
				PRODUCT_NAME = "$(TARGET_NAME)";
				TARGETED_DEVICE_FAMILY = "1,2";
				TEST_HOST = "$(BUILT_PRODUCTS_DIR)/WKKeepVideoPlayer.app/WKKeepVideoPlayer";
			};
			name = Release;
		};
		8103364426CF4E5B00692B97 /* Debug */ = {
			isa = XCBuildConfiguration;
			buildSettings = {
				CODE_SIGN_STYLE = Automatic;
				DEVELOPMENT_TEAM = 92K45NKY47;
				INFOPLIST_FILE = WKKeepVideoPlayerUITests/Info.plist;
				LD_RUNPATH_SEARCH_PATHS = (
					"$(inherited)",
					"@executable_path/Frameworks",
					"@loader_path/Frameworks",
				);
				PRODUCT_BUNDLE_IDENTIFIER = test.WKKeepVideoPlayerUITests;
				PRODUCT_NAME = "$(TARGET_NAME)";
				TARGETED_DEVICE_FAMILY = "1,2";
				TEST_TARGET_NAME = WKKeepVideoPlayer;
			};
			name = Debug;
		};
		8103364526CF4E5B00692B97 /* Release */ = {
			isa = XCBuildConfiguration;
			buildSettings = {
				CODE_SIGN_STYLE = Automatic;
				DEVELOPMENT_TEAM = 92K45NKY47;
				INFOPLIST_FILE = WKKeepVideoPlayerUITests/Info.plist;
				LD_RUNPATH_SEARCH_PATHS = (
					"$(inherited)",
					"@executable_path/Frameworks",
					"@loader_path/Frameworks",
				);
				PRODUCT_BUNDLE_IDENTIFIER = test.WKKeepVideoPlayerUITests;
				PRODUCT_NAME = "$(TARGET_NAME)";
				TARGETED_DEVICE_FAMILY = "1,2";
				TEST_TARGET_NAME = WKKeepVideoPlayer;
			};
			name = Release;
		};
/* End XCBuildConfiguration section */

/* Begin XCConfigurationList section */
		8103360926CF4E5A00692B97 /* Build configuration list for PBXProject "WKKeepVideoPlayer" */ = {
			isa = XCConfigurationList;
			buildConfigurations = (
				8103363B26CF4E5B00692B97 /* Debug */,
				8103363C26CF4E5B00692B97 /* Release */,
			);
			defaultConfigurationIsVisible = 0;
			defaultConfigurationName = Release;
		};
		8103363D26CF4E5B00692B97 /* Build configuration list for PBXNativeTarget "WKKeepVideoPlayer" */ = {
			isa = XCConfigurationList;
			buildConfigurations = (
				8103363E26CF4E5B00692B97 /* Debug */,
				8103363F26CF4E5B00692B97 /* Release */,
			);
			defaultConfigurationIsVisible = 0;
			defaultConfigurationName = Release;
		};
		8103364026CF4E5B00692B97 /* Build configuration list for PBXNativeTarget "WKKeepVideoPlayerTests" */ = {
			isa = XCConfigurationList;
			buildConfigurations = (
				8103364126CF4E5B00692B97 /* Debug */,
				8103364226CF4E5B00692B97 /* Release */,
			);
			defaultConfigurationIsVisible = 0;
			defaultConfigurationName = Release;
		};
		8103364326CF4E5B00692B97 /* Build configuration list for PBXNativeTarget "WKKeepVideoPlayerUITests" */ = {
			isa = XCConfigurationList;
			buildConfigurations = (
				8103364426CF4E5B00692B97 /* Debug */,
				8103364526CF4E5B00692B97 /* Release */,
			);
			defaultConfigurationIsVisible = 0;
			defaultConfigurationName = Release;
		};
/* End XCConfigurationList section */
	};
	rootObject = 8103360626CF4E5A00692B97 /* Project object */;
}
